PODS:
  - AFNetworking (4.0.1):
    - AFNetworking/NSURLSession (= 4.0.1)
    - AFNetworking/Reachability (= 4.0.1)
    - AFNetworking/Security (= 4.0.1)
    - AFNetworking/Serialization (= 4.0.1)
    - AFNetworking/UIKit (= 4.0.1)
  - AFNetworking/NSURLSession (4.0.1):
    - AFNetworking/Reachability
    - AFNetworking/Security
    - AFNetworking/Serialization
  - AFNetworking/Reachability (4.0.1)
  - AFNetworking/Security (4.0.1)
  - AFNetworking/Serialization (4.0.1)
  - AFNetworking/UIKit (4.0.1):
    - AFNetworking/NSURLSession
  - AwaitKit (5.0.1):
    - PromiseKit (~> 6)
  - OHHTTPStubs/Core (9.0.0)
  - OHHTTPStubs/Default (9.0.0):
    - OHHTTPStubs/Core
    - OHHTTPStubs/JSON
    - OHHTTPStubs/NSURLSession
    - OHHTTPStubs/OHPathHelpers
  - OHHTTPStubs/JSON (9.0.0):
    - OHHTTPStubs/Core
  - OHHTTPStubs/NSURLSession (9.0.0):
    - OHHTTPStubs/Core
  - OHHTTPStubs/OHPathHelpers (9.0.0)
  - OHHTTPStubs/Swift (9.0.0):
    - OHHTTPStubs/Default
  - PMAuthentication (1.2.3):
    - PMCommon
    - PMCrypto
  - PMAuthentication/Tests (1.2.3):
    - OHHTTPStubs/Swift
    - PMCommon
    - PMCrypto
  - PMCommon (0.1.0):
    - PMCommon/Default (= 0.1.0)
  - PMCommon/APIClient (0.1.0):
    - PMCommon/Networking
  - PMCommon/Default (0.1.0):
    - PMCommon/APIClient
    - PMCommon/Networking
    - PMCommon/Services
    - PMCommon/SRP
  - PMCommon/Networking (0.1.0):
    - AFNetworking (~> 4.0)
    - AwaitKit (~> 5.0.0)
    - PromiseKit (~> 6.0)
  - PMCommon/Services (0.1.0):
    - PMCommon/APIClient
  - PMCommon/SRP (0.1.0)
  - PMCommon/Tests (0.1.0):
    - OHHTTPStubs/Swift
  - PMCoreTranslation (1.0.0)
  - PMCrypto (1.1.0)
  - PMForceUpgrade (1.0.0):
    - PMCommon
    - PMCoreTranslation
  - PMHumanVerification (1.0.0):
    - PMCommon
    - PMCoreTranslation
    - PMUICommon
    - PMUIFoundations
  - PMUICommon (1.0.0):
    - PMCommon
  - PMUIFoundations (1.2.2)
  - PromiseKit (6.13.1):
    - PromiseKit/CorePromise (= 6.13.1)
    - PromiseKit/Foundation (= 6.13.1)
    - PromiseKit/UIKit (= 6.13.1)
  - PromiseKit/CorePromise (6.13.1)
  - PromiseKit/Foundation (6.13.1):
    - PromiseKit/CorePromise
  - PromiseKit/UIKit (6.13.1):
    - PromiseKit/CorePromise
  - TrustKit (1.6.2)

DEPENDENCIES:
  - AwaitKit (~> 5.0.0)
  - PMAuthentication (from `../../../pmauthentication/`)
  - PMAuthentication/Tests (from `../../../pmauthentication/`)
  - PMCommon (from `../`)
  - PMCommon/Tests (from `../`)
  - "PMCoreTranslation (from `git@gitlab.protontech.ch:apple/shared/pmcoretranslation.git`, branch `develop`)"
  - PMCrypto (from `https://gitlab.protontech.ch/apple/shared/pmcrypto.git`, tag `1.1.0`)
  - "PMForceUpgrade (from `git@gitlab.protontech.ch:apple/shared/pmforceupgrade.git`, branch `develop`)"
  - "PMHumanVerification (from `git@gitlab.protontech.ch:apple/shared/pmhumanverification.git`, branch `Develop`)"
  - "PMUICommon (from `git@gitlab.protontech.ch:apple/shared/pmuicommon.git`, branch `develop`)"
  - "PMUIFoundations (from `git@gitlab.protontech.ch:apple/shared/PMUIFoundations.git`, branch `master`)"
  - PromiseKit (~> 6.0)
  - TrustKit (= 1.6.2)

SPEC REPOS:
  trunk:
    - AFNetworking
    - AwaitKit
    - OHHTTPStubs
    - PromiseKit
    - TrustKit

EXTERNAL SOURCES:
  PMAuthentication:
    :path: "../../../pmauthentication/"
  PMCommon:
    :path: "../"
  PMCoreTranslation:
    :branch: develop
    :git: "git@gitlab.protontech.ch:apple/shared/pmcoretranslation.git"
  PMCrypto:
    :git: https://gitlab.protontech.ch/apple/shared/pmcrypto.git
    :tag: 1.1.0
  PMForceUpgrade:
    :branch: develop
    :git: "git@gitlab.protontech.ch:apple/shared/pmforceupgrade.git"
  PMHumanVerification:
    :branch: Develop
    :git: "git@gitlab.protontech.ch:apple/shared/pmhumanverification.git"
  PMUICommon:
    :branch: develop
    :git: "git@gitlab.protontech.ch:apple/shared/pmuicommon.git"
  PMUIFoundations:
    :branch: master
    :git: "git@gitlab.protontech.ch:apple/shared/PMUIFoundations.git"

CHECKOUT OPTIONS:
  PMCoreTranslation:
    :commit: b6a4b847b70c2de008ff5e0006d902a71e584aaa
    :git: "git@gitlab.protontech.ch:apple/shared/pmcoretranslation.git"
  PMCrypto:
    :git: https://gitlab.protontech.ch/apple/shared/pmcrypto.git
    :tag: 1.1.0
  PMForceUpgrade:
    :commit: 8435fbc30d896d3ed45352e80a0335a952188052
    :git: "git@gitlab.protontech.ch:apple/shared/pmforceupgrade.git"
  PMHumanVerification:
    :commit: 250f005981c6fd8181e19a7734601dd94b4df78f
    :git: "git@gitlab.protontech.ch:apple/shared/pmhumanverification.git"
  PMUICommon:
    :commit: a2c0d2dff2b822592a40acd6b160a7a4e03159a4
    :git: "git@gitlab.protontech.ch:apple/shared/pmuicommon.git"
  PMUIFoundations:
    :commit: e2448c2d1093c2565e4948921fbf0a115263eb8f
    :git: "git@gitlab.protontech.ch:apple/shared/PMUIFoundations.git"

SPEC CHECKSUMS:
  AFNetworking: 7864c38297c79aaca1500c33288e429c3451fdce
  AwaitKit: a6d0b0b6d603cedda8ef1c1c249b8d6730359917
  OHHTTPStubs: cb29d2a9d09a828ecb93349a2b0c64f99e0db89f
  PMAuthentication: b2ed177ed04a10b0f2a2c0b498ddb0526698df17
  PMCommon: 445682918717601b6c81917efdecb7c1bc0e0988
  PMCoreTranslation: 221df023e0a50c73bdadd07ce8917e053f69a859
  PMCrypto: 70361d6a49e834bfae377b3b4524c2b305fb95c4
  PMForceUpgrade: f494aa7192a45e642ef190a1c8d58ab746eaa515
  PMHumanVerification: 40038fa59db6b39cc6422a12eb5b9432e0b4d9d9
  PMUICommon: a55d8aad94373e3939f7cf618ac98366ff86585e
  PMUIFoundations: 741e3317f3658cb01b9964109527c09600c1af95
  PromiseKit: 28fda91c973cc377875d8c0ea4f973013c05b6db
  TrustKit: 0a64b37d31518f16e344ceaf27e129dde624ce75

PODFILE CHECKSUM: 0b87326ee48bddcf2a575ed822bf57a58372d8d3

COCOAPODS: 1.10.0
