PODS:
  - AFNetworking (4.0.1):
    - AFNetworking/NSURLSession (= 4.0.1)
    - AFNetworking/Reachability (= 4.0.1)
    - AFNetworking/Security (= 4.0.1)
    - AFNetworking/Serialization (= 4.0.1)
    - AFNetworking/UIKit (= 4.0.1)
  - AFNetworking/NSURLSession (4.0.1):
    - AFNetworking/Reachability
    - AFNetworking/Security
    - AFNetworking/Serialization
  - AFNetworking/Reachability (4.0.1)
  - AFNetworking/Security (4.0.1)
  - AFNetworking/Serialization (4.0.1)
  - AFNetworking/UIKit (4.0.1):
    - AFNetworking/NSURLSession
  - AwaitKit (5.0.1):
    - PromiseKit (~> 6)
  - OHHTTPStubs/Core (9.1.0)
  - OHHTTPStubs/Default (9.1.0):
    - OHHTTPStubs/Core
    - OHHTTPStubs/JSON
    - OHHTTPStubs/NSURLSession
    - OHHTTPStubs/OHPathHelpers
  - OHHTTPStubs/JSON (9.1.0):
    - OHHTTPStubs/Core
  - OHHTTPStubs/NSURLSession (9.1.0):
    - OHHTTPStubs/Core
  - OHHTTPStubs/OHPathHelpers (9.1.0)
  - OHHTTPStubs/Swift (9.1.0):
    - OHHTTPStubs/Default
  - PMAuthentication (1.3.1):
    - PMCommon
    - PMCrypto
  - PMCommon (1.1.2):
    - PMCommon/Default (= 1.1.2)
  - PMCommon/APIClient (1.1.2):
    - PMCommon/Networking
  - PMCommon/Default (1.1.2):
    - PMCommon/APIClient
    - PMCommon/Networking
    - PMCommon/Services
    - PMCommon/SRP
  - PMCommon/Networking (1.1.2):
    - AFNetworking (~> 4.0)
    - AwaitKit (~> 5.0.0)
    - PromiseKit (~> 6.0)
  - PMCommon/Services (1.1.2):
    - PMCommon/APIClient
  - PMCommon/SRP (1.1.2)
  - PMCommon/Tests (1.1.2):
    - OHHTTPStubs/Swift
  - PMCoreTranslation (1.0.0)
  - PMCrypto (1.1.0)
  - PMForceUpgrade (1.0.0):
    - PMCommon
    - PMCoreTranslation
  - PMHumanVerification (1.0.0):
    - PMCommon
    - PMCoreTranslation
    - PMUIFoundations
  - PMUICommon (1.0.0):
    - PMCommon
  - PMUIFoundations (1.2.2)
  - PromiseKit (6.13.1):
    - PromiseKit/CorePromise (= 6.13.1)
    - PromiseKit/Foundation (= 6.13.1)
    - PromiseKit/UIKit (= 6.13.1)
  - PromiseKit/CorePromise (6.13.1)
  - PromiseKit/Foundation (6.13.1):
    - PromiseKit/CorePromise
  - PromiseKit/UIKit (6.13.1):
    - PromiseKit/CorePromise
  - SwiftLint (0.42.0)
  - TrustKit (1.6.2)

DEPENDENCIES:
  - AwaitKit (~> 5.0.0)
  - "PMAuthentication (from `git@gitlab.protontech.ch:apple/shared/pmauthentication.git`, branch `develop`)"
  - PMCommon (from `../`)
  - PMCommon/Tests (from `../`)
  - "PMCoreTranslation (from `git@gitlab.protontech.ch:apple/shared/pmcoretranslation.git`, branch `develop`)"
  - "PMCrypto (from `git@gitlab.protontech.ch:apple/shared/pmcrypto.git`, tag `1.1.0`)"
  - "PMForceUpgrade (from `git@gitlab.protontech.ch:apple/shared/pmforceupgrade.git`, branch `develop`)"
  - "PMHumanVerification (from `git@gitlab.protontech.ch:apple/shared/pmhumanverification.git`, branch `Develop`)"
  - "PMUICommon (from `git@gitlab.protontech.ch:apple/shared/pmuicommon.git`, branch `develop`)"
  - "PMUIFoundations (from `git@gitlab.protontech.ch:apple/shared/PMUIFoundations.git`, branch `master`)"
  - PromiseKit (~> 6.0)
  - SwiftLint
  - TrustKit (= 1.6.2)

SPEC REPOS:
  trunk:
    - AFNetworking
    - AwaitKit
    - OHHTTPStubs
    - PromiseKit
    - SwiftLint
    - TrustKit

EXTERNAL SOURCES:
  PMAuthentication:
    :branch: develop
    :git: "git@gitlab.protontech.ch:apple/shared/pmauthentication.git"
  PMCommon:
    :path: "../"
  PMCoreTranslation:
    :branch: develop
    :git: "git@gitlab.protontech.ch:apple/shared/pmcoretranslation.git"
  PMCrypto:
    :git: "git@gitlab.protontech.ch:apple/shared/pmcrypto.git"
    :tag: 1.1.0
  PMForceUpgrade:
    :branch: develop
    :git: "git@gitlab.protontech.ch:apple/shared/pmforceupgrade.git"
  PMHumanVerification:
    :branch: Develop
    :git: "git@gitlab.protontech.ch:apple/shared/pmhumanverification.git"
  PMUICommon:
    :branch: develop
    :git: "git@gitlab.protontech.ch:apple/shared/pmuicommon.git"
  PMUIFoundations:
    :branch: master
    :git: "git@gitlab.protontech.ch:apple/shared/PMUIFoundations.git"

CHECKOUT OPTIONS:
  PMAuthentication:
    :commit: 73050ca5cfce1f9dc75d3afabde6258863b6a821
    :git: "git@gitlab.protontech.ch:apple/shared/pmauthentication.git"
  PMCoreTranslation:
    :commit: 38baa7c75025c0146583209c6d9d66ac42c00fdf
    :git: "git@gitlab.protontech.ch:apple/shared/pmcoretranslation.git"
  PMCrypto:
    :git: "git@gitlab.protontech.ch:apple/shared/pmcrypto.git"
    :tag: 1.1.0
  PMForceUpgrade:
    :commit: e4fb67d068aa84f714aed885234c5369ba97ec2e
    :git: "git@gitlab.protontech.ch:apple/shared/pmforceupgrade.git"
  PMHumanVerification:
    :commit: 33d8993365b5c4d590e1aef5014db2b1650a62ed
    :git: "git@gitlab.protontech.ch:apple/shared/pmhumanverification.git"
  PMUICommon:
    :commit: eddb6ce3da4438c6686e74c70f83f8c82558ab34
    :git: "git@gitlab.protontech.ch:apple/shared/pmuicommon.git"
  PMUIFoundations:
    :commit: 91486af86a879b0d5da01224cdfe03c4f278978b
    :git: "git@gitlab.protontech.ch:apple/shared/PMUIFoundations.git"

SPEC CHECKSUMS:
  AFNetworking: 7864c38297c79aaca1500c33288e429c3451fdce
  AwaitKit: a6d0b0b6d603cedda8ef1c1c249b8d6730359917
  OHHTTPStubs: 90eac6d8f2c18317baeca36698523dc67c513831
  PMAuthentication: 34795d10a276ca957250452749d424f017a50a3a
  PMCommon: 293fabb461efffdcaa8f99d68f195484abfdaa53
  PMCoreTranslation: 221df023e0a50c73bdadd07ce8917e053f69a859
  PMCrypto: 70361d6a49e834bfae377b3b4524c2b305fb95c4
  PMForceUpgrade: f494aa7192a45e642ef190a1c8d58ab746eaa515
  PMHumanVerification: ba7ccf6a4045285a417e6c08971efe3714a4ed09
  PMUICommon: a55d8aad94373e3939f7cf618ac98366ff86585e
  PMUIFoundations: 741e3317f3658cb01b9964109527c09600c1af95
  PromiseKit: 28fda91c973cc377875d8c0ea4f973013c05b6db
  SwiftLint: 4fa9579c63416865179bc416f0a92d55f009600d
  TrustKit: 0a64b37d31518f16e344ceaf27e129dde624ce75

PODFILE CHECKSUM: be2a6275e9467059a6367ff7d38b08d020e70a02

COCOAPODS: 1.10.0
